{
  "object": {
    "pins": [
      {
        "package": "Environment",
        "repositoryURL": "https://github.com/wlisac/environment.git",
        "state": {
          "branch": null,
          "revision": "a6158da25ac2294edb84ee60ad111c10c5687352",
          "version": "0.11.1"
        }
      },
      {
        "package": "Path.swift",
        "repositoryURL": "https://github.com/mxcl/Path.swift.git",
        "state": {
          "branch": null,
          "revision": "142d4bc1118602f3679c777d2e0da89c227cd918",
          "version": "1.2.0"
        }
      },
      {
        "package": "swift-argument-parser",
        "repositoryURL": "https://github.com/apple/swift-argument-parser",
        "state": {
          "branch": null,
          "revision": "831ed5e860a70e745bc1337830af4786b2576881",
          "version": "0.4.1"
        }
      }
    ]
  },
  "version": 1
}
